
Microsoft Visual Studio Solution File, Format Version 12.00
# Visual Studio 15
VisualStudioVersion = 15.0.28307.757
MinimumVisualStudioVersion = 10.0.40219.1
Project("{FAE04EC0-301F-11D3-BF4B-00C04F79EFBC}") = "ContosoUniversity", "ContosoUniversity\ContosoUniversity.csproj", "{40FE2EFB-5E46-4B6F-9A83-01779F787F97}"
EndProject
Global
	GlobalSection(SolutionConfigurationPlatforms) = preSolution
		Debug|Any CPU = Debug|Any CPU
		Release|Any CPU = Release|Any CPU
	EndGlobalSection
	GlobalSection(ProjectConfigurationPlatforms) = postSolution
		{40FE2EFB-5E46-4B6F-9A83-01779F787F97}.Debug|Any CPU.ActiveCfg = Debug|Any CPU
		{40FE2EFB-5E46-4B6F-9A83-01779F787F97}.Debug|Any CPU.Build.0 = Debug|Any CPU
		{40FE2EFB-5E46-4B6F-9A83-01779F787F97}.Release|Any CPU.ActiveCfg = Release|Any CPU
		{40FE2EFB-5E46-4B6F-9A83-01779F787F97}.Release|Any CPU.Build.0 = Release|Any CPU
	EndGlobalSection
	GlobalSection(SolutionProperties) = preSolution
		HideSolutionNode = FALSE
	EndGlobalSection
	GlobalSection(ExtensibilityGlobals) = postSolution
		SolutionGuid = {2E3F07BD-0CB5-48EF-9032-19D9D50CB892}
	EndGlobalSection
EndGlobal
