
Microsoft Visual Studio Solution File, Format Version 12.00
# Visual Studio 15
VisualStudioVersion = 15.0.27130.2026
MinimumVisualStudioVersion = 10.0.40219.1
Project("{FAE04EC0-301F-11D3-BF4B-00C04F79EFBC}") = "ExerciseG", "ExerciseG\ExerciseG.csproj", "{87AD2E7B-D6C8-4334-B871-CCB6B06DC70F}"
EndProject
Global
	GlobalSection(SolutionConfigurationPlatforms) = preSolution
		Debug|Any CPU = Debug|Any CPU
		Release|Any CPU = Release|Any CPU
	EndGlobalSection
	GlobalSection(ProjectConfigurationPlatforms) = postSolution
		{87AD2E7B-D6C8-4334-B871-CCB6B06DC70F}.Debug|Any CPU.ActiveCfg = Debug|Any CPU
		{87AD2E7B-D6C8-4334-B871-CCB6B06DC70F}.Debug|Any CPU.Build.0 = Debug|Any CPU
		{87AD2E7B-D6C8-4334-B871-CCB6B06DC70F}.Release|Any CPU.ActiveCfg = Release|Any CPU
		{87AD2E7B-D6C8-4334-B871-CCB6B06DC70F}.Release|Any CPU.Build.0 = Release|Any CPU
	EndGlobalSection
	GlobalSection(SolutionProperties) = preSolution
		HideSolutionNode = FALSE
	EndGlobalSection
	GlobalSection(ExtensibilityGlobals) = postSolution
		SolutionGuid = {22E7FD13-4A71-41A0-AB74-E337148CC2A5}
	EndGlobalSection
EndGlobal
