
Microsoft Visual Studio Solution File, Format Version 12.00
# Visual Studio 15
VisualStudioVersion = 15.0.27130.2026
MinimumVisualStudioVersion = 10.0.40219.1
Project("{FAE04EC0-301F-11D3-BF4B-00C04F79EFBC}") = "ExerciseU", "ExerciseU\ExerciseU.csproj", "{770C026F-4964-4167-9037-C73B903559E6}"
EndProject
Global
	GlobalSection(SolutionConfigurationPlatforms) = preSolution
		Debug|Any CPU = Debug|Any CPU
		Release|Any CPU = Release|Any CPU
	EndGlobalSection
	GlobalSection(ProjectConfigurationPlatforms) = postSolution
		{770C026F-4964-4167-9037-C73B903559E6}.Debug|Any CPU.ActiveCfg = Debug|Any CPU
		{770C026F-4964-4167-9037-C73B903559E6}.Debug|Any CPU.Build.0 = Debug|Any CPU
		{770C026F-4964-4167-9037-C73B903559E6}.Release|Any CPU.ActiveCfg = Release|Any CPU
		{770C026F-4964-4167-9037-C73B903559E6}.Release|Any CPU.Build.0 = Release|Any CPU
	EndGlobalSection
	GlobalSection(SolutionProperties) = preSolution
		HideSolutionNode = FALSE
	EndGlobalSection
	GlobalSection(ExtensibilityGlobals) = postSolution
		SolutionGuid = {4A011BE7-27B1-410A-9E09-58ECC4484C46}
	EndGlobalSection
EndGlobal
