
Microsoft Visual Studio Solution File, Format Version 12.00
# Visual Studio 15
VisualStudioVersion = 15.0.27130.2026
MinimumVisualStudioVersion = 10.0.40219.1
Project("{FAE04EC0-301F-11D3-BF4B-00C04F79EFBC}") = "ExerciseN", "ExerciseN\ExerciseN.csproj", "{A14968A8-375E-46A7-8CDC-4103C38CECD3}"
EndProject
Global
	GlobalSection(SolutionConfigurationPlatforms) = preSolution
		Debug|Any CPU = Debug|Any CPU
		Release|Any CPU = Release|Any CPU
	EndGlobalSection
	GlobalSection(ProjectConfigurationPlatforms) = postSolution
		{A14968A8-375E-46A7-8CDC-4103C38CECD3}.Debug|Any CPU.ActiveCfg = Debug|Any CPU
		{A14968A8-375E-46A7-8CDC-4103C38CECD3}.Debug|Any CPU.Build.0 = Debug|Any CPU
		{A14968A8-375E-46A7-8CDC-4103C38CECD3}.Release|Any CPU.ActiveCfg = Release|Any CPU
		{A14968A8-375E-46A7-8CDC-4103C38CECD3}.Release|Any CPU.Build.0 = Release|Any CPU
	EndGlobalSection
	GlobalSection(SolutionProperties) = preSolution
		HideSolutionNode = FALSE
	EndGlobalSection
	GlobalSection(ExtensibilityGlobals) = postSolution
		SolutionGuid = {A94B33B8-AE37-46A3-9302-05C793ACACEF}
	EndGlobalSection
EndGlobal
