
Microsoft Visual Studio Solution File, Format Version 12.00
# Visual Studio 15
VisualStudioVersion = 15.0.27130.2026
MinimumVisualStudioVersion = 10.0.40219.1
Project("{FAE04EC0-301F-11D3-BF4B-00C04F79EFBC}") = "ExerciseB", "ExerciseB\ExerciseB.csproj", "{145F62C8-29C5-4AF8-A15F-A3ECF75BB35E}"
EndProject
Global
	GlobalSection(SolutionConfigurationPlatforms) = preSolution
		Debug|Any CPU = Debug|Any CPU
		Release|Any CPU = Release|Any CPU
	EndGlobalSection
	GlobalSection(ProjectConfigurationPlatforms) = postSolution
		{145F62C8-29C5-4AF8-A15F-A3ECF75BB35E}.Debug|Any CPU.ActiveCfg = Debug|Any CPU
		{145F62C8-29C5-4AF8-A15F-A3ECF75BB35E}.Debug|Any CPU.Build.0 = Debug|Any CPU
		{145F62C8-29C5-4AF8-A15F-A3ECF75BB35E}.Release|Any CPU.ActiveCfg = Release|Any CPU
		{145F62C8-29C5-4AF8-A15F-A3ECF75BB35E}.Release|Any CPU.Build.0 = Release|Any CPU
	EndGlobalSection
	GlobalSection(SolutionProperties) = preSolution
		HideSolutionNode = FALSE
	EndGlobalSection
	GlobalSection(ExtensibilityGlobals) = postSolution
		SolutionGuid = {1571A3CD-05CB-4DA0-8ECE-E55C229D2D02}
	EndGlobalSection
EndGlobal
